
Microsoft Visual Studio Solution File, Format Version 12.00
# Visual Studio Version 17
VisualStudioVersion = 17.6.33815.320
MinimumVisualStudioVersion = 10.0.40219.1
Project("{FAE04EC0-301F-11D3-BF4B-00C04F79EFBC}") = "Assignment 5", "Assignment 5\Assignment 5.csproj", "{7E436102-D9A0-429E-A58D-C2A75A85EDE0}"
EndProject
Global
	GlobalSection(SolutionConfigurationPlatforms) = preSolution
		Debug|Any CPU = Debug|Any CPU
		Release|Any CPU = Release|Any CPU
	EndGlobalSection
	GlobalSection(ProjectConfigurationPlatforms) = postSolution
		{7E436102-D9A0-429E-A58D-C2A75A85EDE0}.Debug|Any CPU.ActiveCfg = Debug|Any CPU
		{7E436102-D9A0-429E-A58D-C2A75A85EDE0}.Debug|Any CPU.Build.0 = Debug|Any CPU
		{7E436102-D9A0-429E-A58D-C2A75A85EDE0}.Release|Any CPU.ActiveCfg = Release|Any CPU
		{7E436102-D9A0-429E-A58D-C2A75A85EDE0}.Release|Any CPU.Build.0 = Release|Any CPU
	EndGlobalSection
	GlobalSection(SolutionProperties) = preSolution
		HideSolutionNode = FALSE
	EndGlobalSection
	GlobalSection(ExtensibilityGlobals) = postSolution
		SolutionGuid = {8B25A037-4518-4A43-BE79-03678046089E}
	EndGlobalSection
EndGlobal
